# THIS IS AN AUTOGENERATED FILE. DO NOT EDIT THIS FILE DIRECTLY.
# yarn lockfile v1


"@babel/runtime@^7.0.0":
  version "7.4.3"
  resolved "https://registry.yarnpkg.com/@babel/runtime/-/runtime-7.4.3.tgz#79888e452034223ad9609187a0ad1fe0d2ad4bdc"
  dependencies:
    regenerator-runtime "^0.13.2"

devise-axios@^1.0.24:
  version "1.0.24"
  resolved "https://registry.yarnpkg.com/devise-axios/-/devise-axios-1.0.24.tgz#c591da71b16778cc84040db4bfd82534b2c61c19"
  dependencies:
    "@babel/runtime" "^7.0.0"

regenerator-runtime@^0.13.2:
  version "0.13.2"
  resolved "https://registry.yarnpkg.com/regenerator-runtime/-/regenerator-runtime-0.13.2.tgz#32e59c9a6fb9b1a4aff09b4930ca2d4477343447"
